
Microsoft Visual Studio Solution File, Format Version 12.00
# Visual Studio 15
VisualStudioVersion = 15.0.27703.2026
MinimumVisualStudioVersion = 10.0.40219.1
Project("{8BC9CEB8-8B4A-11D0-8D11-00A0C91BC942}") = "AudioMixerExample", "example\AudioMixer.vcxproj", "{41815FA1-4635-438B-8C95-8CDB2CFD8F79}"
	ProjectSection(ProjectDependencies) = postProject
		{6F95F75A-C1B7-402E-B882-0F1F28D5020B} = {6F95F75A-C1B7-402E-B882-0F1F28D5020B}
	EndProjectSection
EndProject
Project("{8BC9CEB8-8B4A-11D0-8D11-00A0C91BC942}") = "AudioMixer", "AudioMixer.vcxproj", "{6F95F75A-C1B7-402E-B882-0F1F28D5020B}"
EndProject
Global
	GlobalSection(SolutionConfigurationPlatforms) = preSolution
		Debug|x64 = Debug|x64
		Debug|x86 = Debug|x86
		Release|x64 = Release|x64
		Release|x86 = Release|x86
	EndGlobalSection
	GlobalSection(ProjectConfigurationPlatforms) = postSolution
		{41815FA1-4635-438B-8C95-8CDB2CFD8F79}.Debug|x64.ActiveCfg = Debug|x64
		{41815FA1-4635-438B-8C95-8CDB2CFD8F79}.Debug|x64.Build.0 = Debug|x64
		{41815FA1-4635-438B-8C95-8CDB2CFD8F79}.Debug|x86.ActiveCfg = Debug|Win32
		{41815FA1-4635-438B-8C95-8CDB2CFD8F79}.Debug|x86.Build.0 = Debug|Win32
		{41815FA1-4635-438B-8C95-8CDB2CFD8F79}.Release|x64.ActiveCfg = Release|x64
		{41815FA1-4635-438B-8C95-8CDB2CFD8F79}.Release|x64.Build.0 = Release|x64
		{41815FA1-4635-438B-8C95-8CDB2CFD8F79}.Release|x86.ActiveCfg = Release|Win32
		{41815FA1-4635-438B-8C95-8CDB2CFD8F79}.Release|x86.Build.0 = Release|Win32
		{6F95F75A-C1B7-402E-B882-0F1F28D5020B}.Debug|x64.ActiveCfg = Debug|x64
		{6F95F75A-C1B7-402E-B882-0F1F28D5020B}.Debug|x64.Build.0 = Debug|x64
		{6F95F75A-C1B7-402E-B882-0F1F28D5020B}.Debug|x86.ActiveCfg = Debug|Win32
		{6F95F75A-C1B7-402E-B882-0F1F28D5020B}.Debug|x86.Build.0 = Debug|Win32
		{6F95F75A-C1B7-402E-B882-0F1F28D5020B}.Release|x64.ActiveCfg = Release|x64
		{6F95F75A-C1B7-402E-B882-0F1F28D5020B}.Release|x64.Build.0 = Release|x64
		{6F95F75A-C1B7-402E-B882-0F1F28D5020B}.Release|x86.ActiveCfg = Release|Win32
		{6F95F75A-C1B7-402E-B882-0F1F28D5020B}.Release|x86.Build.0 = Release|Win32
	EndGlobalSection
	GlobalSection(SolutionProperties) = preSolution
		HideSolutionNode = FALSE
	EndGlobalSection
	GlobalSection(ExtensibilityGlobals) = postSolution
		SolutionGuid = {D47ADC7E-73F9-405B-B71E-A1F3E92F5018}
	EndGlobalSection
EndGlobal
